
Microsoft Visual Studio Solution File, Format Version 12.00
Project("{FAE04EC0-301F-11D3-BF4B-00C04F79EFBC}") = "SalesTracker", "SalesTracker\SalesTracker.csproj", "{7DABC87B-08E9-4F6C-AED5-D0EFE057AEAA}"
EndProject
Project("{FAE04EC0-301F-11D3-BF4B-00C04F79EFBC}") = "LlamaLibrary", "..\..\Quest Behaviors\__LlamaLibrary\LlamaLibrary.csproj", "{AF7CA69A-CBE6-499A-A404-1B01189B1487}"
EndProject
Global
	GlobalSection(SolutionConfigurationPlatforms) = preSolution
		Debug|Any CPU = Debug|Any CPU
		Release|Any CPU = Release|Any CPU
	EndGlobalSection
	GlobalSection(ProjectConfigurationPlatforms) = postSolution
		{7DABC87B-08E9-4F6C-AED5-D0EFE057AEAA}.Debug|Any CPU.ActiveCfg = Debug|Any CPU
		{7DABC87B-08E9-4F6C-AED5-D0EFE057AEAA}.Debug|Any CPU.Build.0 = Debug|Any CPU
		{7DABC87B-08E9-4F6C-AED5-D0EFE057AEAA}.Release|Any CPU.ActiveCfg = Release|Any CPU
		{7DABC87B-08E9-4F6C-AED5-D0EFE057AEAA}.Release|Any CPU.Build.0 = Release|Any CPU
		{AF7CA69A-CBE6-499A-A404-1B01189B1487}.Debug|Any CPU.ActiveCfg = Debug|Any CPU
		{AF7CA69A-CBE6-499A-A404-1B01189B1487}.Debug|Any CPU.Build.0 = Debug|Any CPU
		{AF7CA69A-CBE6-499A-A404-1B01189B1487}.Release|Any CPU.ActiveCfg = Release|Any CPU
		{AF7CA69A-CBE6-499A-A404-1B01189B1487}.Release|Any CPU.Build.0 = Release|Any CPU
	EndGlobalSection
EndGlobal
